
Microsoft Visual Studio Solution File, Format Version 12.00
# Visual Studio Version 16
VisualStudioVersion = 16.0.30717.126
MinimumVisualStudioVersion = 10.0.40219.1
Project("{FAE04EC0-301F-11D3-BF4B-00C04F79EFBC}") = "Sample.UWP", "Sample\Sample\Sample.UWP\Sample.UWP.csproj", "{637C3ABA-1150-468A-AF62-78CCEB1D2074}"
EndProject
Project("{FAE04EC0-301F-11D3-BF4B-00C04F79EFBC}") = "Sample.Android", "Sample\Sample\Sample.Android\Sample.Android.csproj", "{FDF93E7F-8F8F-4DEB-9214-80D0E92680B8}"
EndProject
Project("{FAE04EC0-301F-11D3-BF4B-00C04F79EFBC}") = "Sample.iOS", "Sample\Sample\Sample.iOS\Sample.iOS.csproj", "{FBD745CE-0186-413D-BB32-9C1A1D4DD332}"
EndProject
Project("{FAE04EC0-301F-11D3-BF4B-00C04F79EFBC}") = "Sample", "Sample\Sample\Sample\Sample.csproj", "{047E0977-6907-4602-BEAD-EF755EBA52D2}"
EndProject
Project("{FAE04EC0-301F-11D3-BF4B-00C04F79EFBC}") = "Switch", "Src\Switch\Switch.csproj", "{3DE1CE08-2C75-4E8E-ABF3-3E6A44F46820}"
EndProject
Global
	GlobalSection(SolutionConfigurationPlatforms) = preSolution
		Debug|Any CPU = Debug|Any CPU
		Debug|ARM = Debug|ARM
		Debug|iPhone = Debug|iPhone
		Debug|iPhoneSimulator = Debug|iPhoneSimulator
		Debug|x64 = Debug|x64
		Debug|x86 = Debug|x86
		Release|Any CPU = Release|Any CPU
		Release|ARM = Release|ARM
		Release|iPhone = Release|iPhone
		Release|iPhoneSimulator = Release|iPhoneSimulator
		Release|x64 = Release|x64
		Release|x86 = Release|x86
	EndGlobalSection
	GlobalSection(ProjectConfigurationPlatforms) = postSolution
		{637C3ABA-1150-468A-AF62-78CCEB1D2074}.Debug|Any CPU.ActiveCfg = Debug|x86
		{637C3ABA-1150-468A-AF62-78CCEB1D2074}.Debug|ARM.ActiveCfg = Debug|ARM
		{637C3ABA-1150-468A-AF62-78CCEB1D2074}.Debug|ARM.Build.0 = Debug|ARM
		{637C3ABA-1150-468A-AF62-78CCEB1D2074}.Debug|ARM.Deploy.0 = Debug|ARM
		{637C3ABA-1150-468A-AF62-78CCEB1D2074}.Debug|iPhone.ActiveCfg = Debug|x86
		{637C3ABA-1150-468A-AF62-78CCEB1D2074}.Debug|iPhoneSimulator.ActiveCfg = Debug|x86
		{637C3ABA-1150-468A-AF62-78CCEB1D2074}.Debug|x64.ActiveCfg = Debug|x64
		{637C3ABA-1150-468A-AF62-78CCEB1D2074}.Debug|x64.Build.0 = Debug|x64
		{637C3ABA-1150-468A-AF62-78CCEB1D2074}.Debug|x64.Deploy.0 = Debug|x64
		{637C3ABA-1150-468A-AF62-78CCEB1D2074}.Debug|x86.ActiveCfg = Debug|x86
		{637C3ABA-1150-468A-AF62-78CCEB1D2074}.Debug|x86.Build.0 = Debug|x86
		{637C3ABA-1150-468A-AF62-78CCEB1D2074}.Debug|x86.Deploy.0 = Debug|x86
		{637C3ABA-1150-468A-AF62-78CCEB1D2074}.Release|Any CPU.ActiveCfg = Release|x86
		{637C3ABA-1150-468A-AF62-78CCEB1D2074}.Release|ARM.ActiveCfg = Release|ARM
		{637C3ABA-1150-468A-AF62-78CCEB1D2074}.Release|ARM.Build.0 = Release|ARM
		{637C3ABA-1150-468A-AF62-78CCEB1D2074}.Release|ARM.Deploy.0 = Release|ARM
		{637C3ABA-1150-468A-AF62-78CCEB1D2074}.Release|iPhone.ActiveCfg = Release|x86
		{637C3ABA-1150-468A-AF62-78CCEB1D2074}.Release|iPhoneSimulator.ActiveCfg = Release|x86
		{637C3ABA-1150-468A-AF62-78CCEB1D2074}.Release|x64.ActiveCfg = Release|x64
		{637C3ABA-1150-468A-AF62-78CCEB1D2074}.Release|x64.Build.0 = Release|x64
		{637C3ABA-1150-468A-AF62-78CCEB1D2074}.Release|x64.Deploy.0 = Release|x64
		{637C3ABA-1150-468A-AF62-78CCEB1D2074}.Release|x86.ActiveCfg = Release|x86
		{637C3ABA-1150-468A-AF62-78CCEB1D2074}.Release|x86.Build.0 = Release|x86
		{637C3ABA-1150-468A-AF62-78CCEB1D2074}.Release|x86.Deploy.0 = Release|x86
		{FDF93E7F-8F8F-4DEB-9214-80D0E92680B8}.Debug|Any CPU.ActiveCfg = Debug|Any CPU
		{FDF93E7F-8F8F-4DEB-9214-80D0E92680B8}.Debug|Any CPU.Build.0 = Debug|Any CPU
		{FDF93E7F-8F8F-4DEB-9214-80D0E92680B8}.Debug|Any CPU.Deploy.0 = Debug|Any CPU
		{FDF93E7F-8F8F-4DEB-9214-80D0E92680B8}.Debug|ARM.ActiveCfg = Debug|Any CPU
		{FDF93E7F-8F8F-4DEB-9214-80D0E92680B8}.Debug|ARM.Build.0 = Debug|Any CPU
		{FDF93E7F-8F8F-4DEB-9214-80D0E92680B8}.Debug|ARM.Deploy.0 = Debug|Any CPU
		{FDF93E7F-8F8F-4DEB-9214-80D0E92680B8}.Debug|iPhone.ActiveCfg = Debug|Any CPU
		{FDF93E7F-8F8F-4DEB-9214-80D0E92680B8}.Debug|iPhone.Build.0 = Debug|Any CPU
		{FDF93E7F-8F8F-4DEB-9214-80D0E92680B8}.Debug|iPhone.Deploy.0 = Debug|Any CPU
		{FDF93E7F-8F8F-4DEB-9214-80D0E92680B8}.Debug|iPhoneSimulator.ActiveCfg = Debug|Any CPU
		{FDF93E7F-8F8F-4DEB-9214-80D0E92680B8}.Debug|iPhoneSimulator.Build.0 = Debug|Any CPU
		{FDF93E7F-8F8F-4DEB-9214-80D0E92680B8}.Debug|iPhoneSimulator.Deploy.0 = Debug|Any CPU
		{FDF93E7F-8F8F-4DEB-9214-80D0E92680B8}.Debug|x64.ActiveCfg = Debug|Any CPU
		{FDF93E7F-8F8F-4DEB-9214-80D0E92680B8}.Debug|x64.Build.0 = Debug|Any CPU
		{FDF93E7F-8F8F-4DEB-9214-80D0E92680B8}.Debug|x64.Deploy.0 = Debug|Any CPU
		{FDF93E7F-8F8F-4DEB-9214-80D0E92680B8}.Debug|x86.ActiveCfg = Debug|Any CPU
		{FDF93E7F-8F8F-4DEB-9214-80D0E92680B8}.Debug|x86.Build.0 = Debug|Any CPU
		{FDF93E7F-8F8F-4DEB-9214-80D0E92680B8}.Debug|x86.Deploy.0 = Debug|Any CPU
		{FDF93E7F-8F8F-4DEB-9214-80D0E92680B8}.Release|Any CPU.ActiveCfg = Release|Any CPU
		{FDF93E7F-8F8F-4DEB-9214-80D0E92680B8}.Release|Any CPU.Build.0 = Release|Any CPU
		{FDF93E7F-8F8F-4DEB-9214-80D0E92680B8}.Release|Any CPU.Deploy.0 = Release|Any CPU
		{FDF93E7F-8F8F-4DEB-9214-80D0E92680B8}.Release|ARM.ActiveCfg = Release|Any CPU
		{FDF93E7F-8F8F-4DEB-9214-80D0E92680B8}.Release|ARM.Build.0 = Release|Any CPU
		{FDF93E7F-8F8F-4DEB-9214-80D0E92680B8}.Release|ARM.Deploy.0 = Release|Any CPU
		{FDF93E7F-8F8F-4DEB-9214-80D0E92680B8}.Release|iPhone.ActiveCfg = Release|Any CPU
		{FDF93E7F-8F8F-4DEB-9214-80D0E92680B8}.Release|iPhone.Build.0 = Release|Any CPU
		{FDF93E7F-8F8F-4DEB-9214-80D0E92680B8}.Release|iPhone.Deploy.0 = Release|Any CPU
		{FDF93E7F-8F8F-4DEB-9214-80D0E92680B8}.Release|iPhoneSimulator.ActiveCfg = Release|Any CPU
		{FDF93E7F-8F8F-4DEB-9214-80D0E92680B8}.Release|iPhoneSimulator.Build.0 = Release|Any CPU
		{FDF93E7F-8F8F-4DEB-9214-80D0E92680B8}.Release|iPhoneSimulator.Deploy.0 = Release|Any CPU
		{FDF93E7F-8F8F-4DEB-9214-80D0E92680B8}.Release|x64.ActiveCfg = Release|Any CPU
		{FDF93E7F-8F8F-4DEB-9214-80D0E92680B8}.Release|x64.Build.0 = Release|Any CPU
		{FDF93E7F-8F8F-4DEB-9214-80D0E92680B8}.Release|x64.Deploy.0 = Release|Any CPU
		{FDF93E7F-8F8F-4DEB-9214-80D0E92680B8}.Release|x86.ActiveCfg = Release|Any CPU
		{FDF93E7F-8F8F-4DEB-9214-80D0E92680B8}.Release|x86.Build.0 = Release|Any CPU
		{FDF93E7F-8F8F-4DEB-9214-80D0E92680B8}.Release|x86.Deploy.0 = Release|Any CPU
		{FBD745CE-0186-413D-BB32-9C1A1D4DD332}.Debug|Any CPU.ActiveCfg = Debug|iPhoneSimulator
		{FBD745CE-0186-413D-BB32-9C1A1D4DD332}.Debug|ARM.ActiveCfg = Debug|iPhoneSimulator
		{FBD745CE-0186-413D-BB32-9C1A1D4DD332}.Debug|iPhone.ActiveCfg = Debug|iPhone
		{FBD745CE-0186-413D-BB32-9C1A1D4DD332}.Debug|iPhone.Build.0 = Debug|iPhone
		{FBD745CE-0186-413D-BB32-9C1A1D4DD332}.Debug|iPhoneSimulator.ActiveCfg = Debug|iPhoneSimulator
		{FBD745CE-0186-413D-BB32-9C1A1D4DD332}.Debug|iPhoneSimulator.Build.0 = Debug|iPhoneSimulator
		{FBD745CE-0186-413D-BB32-9C1A1D4DD332}.Debug|x64.ActiveCfg = Debug|iPhoneSimulator
		{FBD745CE-0186-413D-BB32-9C1A1D4DD332}.Debug|x86.ActiveCfg = Debug|iPhoneSimulator
		{FBD745CE-0186-413D-BB32-9C1A1D4DD332}.Release|Any CPU.ActiveCfg = Release|iPhoneSimulator
		{FBD745CE-0186-413D-BB32-9C1A1D4DD332}.Release|ARM.ActiveCfg = Release|iPhoneSimulator
		{FBD745CE-0186-413D-BB32-9C1A1D4DD332}.Release|iPhone.ActiveCfg = Release|iPhone
		{FBD745CE-0186-413D-BB32-9C1A1D4DD332}.Release|iPhone.Build.0 = Release|iPhone
		{FBD745CE-0186-413D-BB32-9C1A1D4DD332}.Release|iPhoneSimulator.ActiveCfg = Release|iPhoneSimulator
		{FBD745CE-0186-413D-BB32-9C1A1D4DD332}.Release|iPhoneSimulator.Build.0 = Release|iPhoneSimulator
		{FBD745CE-0186-413D-BB32-9C1A1D4DD332}.Release|x64.ActiveCfg = Release|iPhoneSimulator
		{FBD745CE-0186-413D-BB32-9C1A1D4DD332}.Release|x86.ActiveCfg = Release|iPhoneSimulator
		{047E0977-6907-4602-BEAD-EF755EBA52D2}.Debug|Any CPU.ActiveCfg = Debug|Any CPU
		{047E0977-6907-4602-BEAD-EF755EBA52D2}.Debug|Any CPU.Build.0 = Debug|Any CPU
		{047E0977-6907-4602-BEAD-EF755EBA52D2}.Debug|ARM.ActiveCfg = Debug|Any CPU
		{047E0977-6907-4602-BEAD-EF755EBA52D2}.Debug|ARM.Build.0 = Debug|Any CPU
		{047E0977-6907-4602-BEAD-EF755EBA52D2}.Debug|iPhone.ActiveCfg = Debug|Any CPU
		{047E0977-6907-4602-BEAD-EF755EBA52D2}.Debug|iPhone.Build.0 = Debug|Any CPU
		{047E0977-6907-4602-BEAD-EF755EBA52D2}.Debug|iPhoneSimulator.ActiveCfg = Debug|Any CPU
		{047E0977-6907-4602-BEAD-EF755EBA52D2}.Debug|iPhoneSimulator.Build.0 = Debug|Any CPU
		{047E0977-6907-4602-BEAD-EF755EBA52D2}.Debug|x64.ActiveCfg = Debug|Any CPU
		{047E0977-6907-4602-BEAD-EF755EBA52D2}.Debug|x64.Build.0 = Debug|Any CPU
		{047E0977-6907-4602-BEAD-EF755EBA52D2}.Debug|x86.ActiveCfg = Debug|Any CPU
		{047E0977-6907-4602-BEAD-EF755EBA52D2}.Debug|x86.Build.0 = Debug|Any CPU
		{047E0977-6907-4602-BEAD-EF755EBA52D2}.Release|Any CPU.ActiveCfg = Release|Any CPU
		{047E0977-6907-4602-BEAD-EF755EBA52D2}.Release|Any CPU.Build.0 = Release|Any CPU
		{047E0977-6907-4602-BEAD-EF755EBA52D2}.Release|ARM.ActiveCfg = Release|Any CPU
		{047E0977-6907-4602-BEAD-EF755EBA52D2}.Release|ARM.Build.0 = Release|Any CPU
		{047E0977-6907-4602-BEAD-EF755EBA52D2}.Release|iPhone.ActiveCfg = Release|Any CPU
		{047E0977-6907-4602-BEAD-EF755EBA52D2}.Release|iPhone.Build.0 = Release|Any CPU
		{047E0977-6907-4602-BEAD-EF755EBA52D2}.Release|iPhoneSimulator.ActiveCfg = Release|Any CPU
		{047E0977-6907-4602-BEAD-EF755EBA52D2}.Release|iPhoneSimulator.Build.0 = Release|Any CPU
		{047E0977-6907-4602-BEAD-EF755EBA52D2}.Release|x64.ActiveCfg = Release|Any CPU
		{047E0977-6907-4602-BEAD-EF755EBA52D2}.Release|x64.Build.0 = Release|Any CPU
		{047E0977-6907-4602-BEAD-EF755EBA52D2}.Release|x86.ActiveCfg = Release|Any CPU
		{047E0977-6907-4602-BEAD-EF755EBA52D2}.Release|x86.Build.0 = Release|Any CPU
		{3DE1CE08-2C75-4E8E-ABF3-3E6A44F46820}.Debug|Any CPU.ActiveCfg = Debug|Any CPU
		{3DE1CE08-2C75-4E8E-ABF3-3E6A44F46820}.Debug|Any CPU.Build.0 = Debug|Any CPU
		{3DE1CE08-2C75-4E8E-ABF3-3E6A44F46820}.Debug|ARM.ActiveCfg = Debug|Any CPU
		{3DE1CE08-2C75-4E8E-ABF3-3E6A44F46820}.Debug|ARM.Build.0 = Debug|Any CPU
		{3DE1CE08-2C75-4E8E-ABF3-3E6A44F46820}.Debug|iPhone.ActiveCfg = Debug|Any CPU
		{3DE1CE08-2C75-4E8E-ABF3-3E6A44F46820}.Debug|iPhone.Build.0 = Debug|Any CPU
		{3DE1CE08-2C75-4E8E-ABF3-3E6A44F46820}.Debug|iPhoneSimulator.ActiveCfg = Debug|Any CPU
		{3DE1CE08-2C75-4E8E-ABF3-3E6A44F46820}.Debug|iPhoneSimulator.Build.0 = Debug|Any CPU
		{3DE1CE08-2C75-4E8E-ABF3-3E6A44F46820}.Debug|x64.ActiveCfg = Debug|Any CPU
		{3DE1CE08-2C75-4E8E-ABF3-3E6A44F46820}.Debug|x64.Build.0 = Debug|Any CPU
		{3DE1CE08-2C75-4E8E-ABF3-3E6A44F46820}.Debug|x86.ActiveCfg = Debug|Any CPU
		{3DE1CE08-2C75-4E8E-ABF3-3E6A44F46820}.Debug|x86.Build.0 = Debug|Any CPU
		{3DE1CE08-2C75-4E8E-ABF3-3E6A44F46820}.Release|Any CPU.ActiveCfg = Release|Any CPU
		{3DE1CE08-2C75-4E8E-ABF3-3E6A44F46820}.Release|Any CPU.Build.0 = Release|Any CPU
		{3DE1CE08-2C75-4E8E-ABF3-3E6A44F46820}.Release|ARM.ActiveCfg = Release|Any CPU
		{3DE1CE08-2C75-4E8E-ABF3-3E6A44F46820}.Release|ARM.Build.0 = Release|Any CPU
		{3DE1CE08-2C75-4E8E-ABF3-3E6A44F46820}.Release|iPhone.ActiveCfg = Release|Any CPU
		{3DE1CE08-2C75-4E8E-ABF3-3E6A44F46820}.Release|iPhone.Build.0 = Release|Any CPU
		{3DE1CE08-2C75-4E8E-ABF3-3E6A44F46820}.Release|iPhoneSimulator.ActiveCfg = Release|Any CPU
		{3DE1CE08-2C75-4E8E-ABF3-3E6A44F46820}.Release|iPhoneSimulator.Build.0 = Release|Any CPU
		{3DE1CE08-2C75-4E8E-ABF3-3E6A44F46820}.Release|x64.ActiveCfg = Release|Any CPU
		{3DE1CE08-2C75-4E8E-ABF3-3E6A44F46820}.Release|x64.Build.0 = Release|Any CPU
		{3DE1CE08-2C75-4E8E-ABF3-3E6A44F46820}.Release|x86.ActiveCfg = Release|Any CPU
		{3DE1CE08-2C75-4E8E-ABF3-3E6A44F46820}.Release|x86.Build.0 = Release|Any CPU
	EndGlobalSection
	GlobalSection(SolutionProperties) = preSolution
		HideSolutionNode = FALSE
	EndGlobalSection
	GlobalSection(ExtensibilityGlobals) = postSolution
		SolutionGuid = {494FA127-DF1D-42E7-83ED-D472C208B710}
	EndGlobalSection
EndGlobal
